// !$*UTF8*$!
{
	archiveVersion = 1;
	classes = {
	};
	objectVersion = 70;
	objects = {

/* Begin PBXBuildFile section */
		058557BB273AAA24004C7B11 /* Assets.xcassets in Resources */ = {isa = PBXBuildFile; fileRef = 058557BA273AAA24004C7B11 /* Assets.xcassets */; };
		058557D9273AAEEB004C7B11 /* Preview Assets.xcassets in Resources */ = {isa = PBXBuildFile; fileRef = 058557D8273AAEEB004C7B11 /* Preview Assets.xcassets */; };
		2152FB042600AC8F00CF470E /* iOSApp.swift in Sources */ = {isa = PBXBuildFile; fileRef = 2152FB032600AC8F00CF470E /* iOSApp.swift */; };
		228D98582A1B706200695A83 /* AppDelegate.swift in Sources */ = {isa = PBXBuildFile; fileRef = 228D98572A1B706200695A83 /* AppDelegate.swift */; };
		22983CE52F1756B30087F846 /* AppIconDeepTeal.icon in Resources */ = {isa = PBXBuildFile; fileRef = 22983CDF2F1756B30087F846 /* AppIconDeepTeal.icon */; };
		22983CE62F1756B30087F846 /* AppIconDeepIce.icon in Resources */ = {isa = PBXBuildFile; fileRef = 22983CDE2F1756B30087F846 /* AppIconDeepIce.icon */; };
		22983CE72F1756B30087F846 /* AppIconStormySky.icon in Resources */ = {isa = PBXBuildFile; fileRef = 22983CE42F1756B30087F846 /* AppIconStormySky.icon */; };
		22983CE82F1756B30087F846 /* AppIconAntiqueGold.icon in Resources */ = {isa = PBXBuildFile; fileRef = 22983CDB2F1756B30087F846 /* AppIconAntiqueGold.icon */; };
		22983CE92F1756B30087F846 /* AppIconCranberry.icon in Resources */ = {isa = PBXBuildFile; fileRef = 22983CDC2F1756B30087F846 /* AppIconCranberry.icon */; };
		22983CEA2F1756B30087F846 /* AppIconDarkJade.icon in Resources */ = {isa = PBXBuildFile; fileRef = 22983CDD2F1756B30087F846 /* AppIconDarkJade.icon */; };
		22983CEB2F1756B30087F846 /* AppIconDustyRose.icon in Resources */ = {isa = PBXBuildFile; fileRef = 22983CE02F1756B30087F846 /* AppIconDustyRose.icon */; };
		22983CEC2F1756B30087F846 /* AppIconRoyalPlum.icon in Resources */ = {isa = PBXBuildFile; fileRef = 22983CE12F1756B30087F846 /* AppIconRoyalPlum.icon */; };
		22983CED2F1756B30087F846 /* AppIconSlateBlue.icon in Resources */ = {isa = PBXBuildFile; fileRef = 22983CE22F1756B30087F846 /* AppIconSlateBlue.icon */; };
		22983CEE2F1756B30087F846 /* AppIconSoftSage.icon in Resources */ = {isa = PBXBuildFile; fileRef = 22983CE32F1756B30087F846 /* AppIconSoftSage.icon */; };
		22983CEF2F1756B30087F846 /* AppIconDeepTeal.icon in Resources */ = {isa = PBXBuildFile; fileRef = 22983CDF2F1756B30087F846 /* AppIconDeepTeal.icon */; };
		22983CF02F1756B30087F846 /* AppIconDeepIce.icon in Resources */ = {isa = PBXBuildFile; fileRef = 22983CDE2F1756B30087F846 /* AppIconDeepIce.icon */; };
		22983CF12F1756B30087F846 /* AppIconStormySky.icon in Resources */ = {isa = PBXBuildFile; fileRef = 22983CE42F1756B30087F846 /* AppIconStormySky.icon */; };
		22983CF22F1756B30087F846 /* AppIconAntiqueGold.icon in Resources */ = {isa = PBXBuildFile; fileRef = 22983CDB2F1756B30087F846 /* AppIconAntiqueGold.icon */; };
		22983CF32F1756B30087F846 /* AppIconCranberry.icon in Resources */ = {isa = PBXBuildFile; fileRef = 22983CDC2F1756B30087F846 /* AppIconCranberry.icon */; };
		22983CF42F1756B30087F846 /* AppIconDarkJade.icon in Resources */ = {isa = PBXBuildFile; fileRef = 22983CDD2F1756B30087F846 /* AppIconDarkJade.icon */; };
		22983CF52F1756B30087F846 /* AppIconDustyRose.icon in Resources */ = {isa = PBXBuildFile; fileRef = 22983CE02F1756B30087F846 /* AppIconDustyRose.icon */; };
		22983CF62F1756B30087F846 /* AppIconRoyalPlum.icon in Resources */ = {isa = PBXBuildFile; fileRef = 22983CE12F1756B30087F846 /* AppIconRoyalPlum.icon */; };
		22983CF72F1756B30087F846 /* AppIconSlateBlue.icon in Resources */ = {isa = PBXBuildFile; fileRef = 22983CE22F1756B30087F846 /* AppIconSlateBlue.icon */; };
		22983CF82F1756B30087F846 /* AppIconSoftSage.icon in Resources */ = {isa = PBXBuildFile; fileRef = 22983CE32F1756B30087F846 /* AppIconSoftSage.icon */; };
		7555FF83242A565900829871 /* ContentView.swift in Sources */ = {isa = PBXBuildFile; fileRef = 7555FF82242A565900829871 /* ContentView.swift */; };
		CD6AEE242C51E57700486A95 /* Bugsnag in Frameworks */ = {isa = PBXBuildFile; productRef = CD6AEE232C51E57700486A95 /* Bugsnag */; };
		CD6AEE262C51E57700486A95 /* BugsnagNetworkRequestPlugin in Frameworks */ = {isa = PBXBuildFile; productRef = CD6AEE252C51E57700486A95 /* BugsnagNetworkRequestPlugin */; };
		CD6DFBF82E0466AF0048A870 /* PurchasesHybridCommon in Frameworks */ = {isa = PBXBuildFile; productRef = CD6DFBF72E0466AF0048A870 /* PurchasesHybridCommon */; };
		CD6DFBFA2E0466AF0048A870 /* PurchasesHybridCommonUI in Frameworks */ = {isa = PBXBuildFile; productRef = CD6DFBF92E0466AF0048A870 /* PurchasesHybridCommonUI */; };
		CD87EC132E12AFC900E516A7 /* Bugsnag in Frameworks */ = {isa = PBXBuildFile; productRef = CD87EC122E12AFC900E516A7 /* Bugsnag */; };
		CD87EC152E12AFC900E516A7 /* BugsnagNetworkRequestPlugin in Frameworks */ = {isa = PBXBuildFile; productRef = CD87EC142E12AFC900E516A7 /* BugsnagNetworkRequestPlugin */; };
		CD87EC172E12AFC900E516A7 /* PurchasesHybridCommon in Frameworks */ = {isa = PBXBuildFile; productRef = CD87EC162E12AFC900E516A7 /* PurchasesHybridCommon */; };
		CD87EC192E12AFC900E516A7 /* PurchasesHybridCommonUI in Frameworks */ = {isa = PBXBuildFile; productRef = CD87EC182E12AFC900E516A7 /* PurchasesHybridCommonUI */; };
		CD9827922E13C8E400D17D40 /* Localizable.xcstrings in Resources */ = {isa = PBXBuildFile; fileRef = CD9827912E13C8E400D17D40 /* Localizable.xcstrings */; };
		CD9827932E13C8E400D17D40 /* Localizable.xcstrings in Resources */ = {isa = PBXBuildFile; fileRef = CD9827912E13C8E400D17D40 /* Localizable.xcstrings */; };
		CDBE05C42E129DDB00CC593E /* WidgetKit.framework in Frameworks */ = {isa = PBXBuildFile; fileRef = CDBE05C32E129DDB00CC593E /* WidgetKit.framework */; };
		CDBE05C62E129DDB00CC593E /* SwiftUI.framework in Frameworks */ = {isa = PBXBuildFile; fileRef = CDBE05C52E129DDB00CC593E /* SwiftUI.framework */; };
		CDBE05D32E129DDC00CC593E /* TwineWidgetExtension.appex in Embed Foundation Extensions */ = {isa = PBXBuildFile; fileRef = CDBE05C22E129DDB00CC593E /* TwineWidgetExtension.appex */; settings = {ATTRIBUTES = (RemoveHeadersOnCopy, ); }; };
/* End PBXBuildFile section */

/* Begin PBXContainerItemProxy section */
		CDBE05D12E129DDC00CC593E /* PBXContainerItemProxy */ = {
			isa = PBXContainerItemProxy;
			containerPortal = 7555FF73242A565900829871 /* Project object */;
			proxyType = 1;
			remoteGlobalIDString = CDBE05C12E129DDB00CC593E;
			remoteInfo = TwineWidgetExtension;
		};
/* End PBXContainerItemProxy section */

/* Begin PBXCopyFilesBuildPhase section */
		CDBE05D42E129DDC00CC593E /* Embed Foundation Extensions */ = {
			isa = PBXCopyFilesBuildPhase;
			buildActionMask = 12;
			dstPath = "";
			dstSubfolderSpec = 13;
			files = (
				CDBE05D32E129DDC00CC593E /* TwineWidgetExtension.appex in Embed Foundation Extensions */,
			);
			name = "Embed Foundation Extensions";
			runOnlyForDeploymentPostprocessing = 0;
		};
/* End PBXCopyFilesBuildPhase section */

/* Begin PBXFileReference section */
		058557BA273AAA24004C7B11 /* Assets.xcassets */ = {isa = PBXFileReference; lastKnownFileType = folder.assetcatalog; path = Assets.xcassets; sourceTree = "<group>"; };
		058557D8273AAEEB004C7B11 /* Preview Assets.xcassets */ = {isa = PBXFileReference; lastKnownFileType = folder.assetcatalog; path = "Preview Assets.xcassets"; sourceTree = "<group>"; };
		2152FB032600AC8F00CF470E /* iOSApp.swift */ = {isa = PBXFileReference; lastKnownFileType = sourcecode.swift; path = iOSApp.swift; sourceTree = "<group>"; };
		228D98572A1B706200695A83 /* AppDelegate.swift */ = {isa = PBXFileReference; lastKnownFileType = sourcecode.swift; path = AppDelegate.swift; sourceTree = "<group>"; };
		22983CDB2F1756B30087F846 /* AppIconAntiqueGold.icon */ = {isa = PBXFileReference; lastKnownFileType = folder.iconcomposer.icon; path = AppIconAntiqueGold.icon; sourceTree = "<group>"; };
		22983CDC2F1756B30087F846 /* AppIconCranberry.icon */ = {isa = PBXFileReference; lastKnownFileType = folder.iconcomposer.icon; path = AppIconCranberry.icon; sourceTree = "<group>"; };
		22983CDD2F1756B30087F846 /* AppIconDarkJade.icon */ = {isa = PBXFileReference; lastKnownFileType = folder.iconcomposer.icon; path = AppIconDarkJade.icon; sourceTree = "<group>"; };
		22983CDE2F1756B30087F846 /* AppIconDeepIce.icon */ = {isa = PBXFileReference; lastKnownFileType = folder.iconcomposer.icon; path = AppIconDeepIce.icon; sourceTree = "<group>"; };
		22983CDF2F1756B30087F846 /* AppIconDeepTeal.icon */ = {isa = PBXFileReference; lastKnownFileType = folder.iconcomposer.icon; path = AppIconDeepTeal.icon; sourceTree = "<group>"; };
		22983CE02F1756B30087F846 /* AppIconDustyRose.icon */ = {isa = PBXFileReference; lastKnownFileType = folder.iconcomposer.icon; path = AppIconDustyRose.icon; sourceTree = "<group>"; };
		22983CE12F1756B30087F846 /* AppIconRoyalPlum.icon */ = {isa = PBXFileReference; lastKnownFileType = folder.iconcomposer.icon; path = AppIconRoyalPlum.icon; sourceTree = "<group>"; };
		22983CE22F1756B30087F846 /* AppIconSlateBlue.icon */ = {isa = PBXFileReference; lastKnownFileType = folder.iconcomposer.icon; path = AppIconSlateBlue.icon; sourceTree = "<group>"; };
		22983CE32F1756B30087F846 /* AppIconSoftSage.icon */ = {isa = PBXFileReference; lastKnownFileType = folder.iconcomposer.icon; path = AppIconSoftSage.icon; sourceTree = "<group>"; };
		22983CE42F1756B30087F846 /* AppIconStormySky.icon */ = {isa = PBXFileReference; lastKnownFileType = folder.iconcomposer.icon; path = AppIconStormySky.icon; sourceTree = "<group>"; };
		7555FF7B242A565900829871 /* Twine (Debug).app */ = {isa = PBXFileReference; explicitFileType = wrapper.application; includeInIndex = 0; path = "Twine (Debug).app"; sourceTree = BUILT_PRODUCTS_DIR; };
		7555FF82242A565900829871 /* ContentView.swift */ = {isa = PBXFileReference; lastKnownFileType = sourcecode.swift; path = ContentView.swift; sourceTree = "<group>"; };
		7555FF8C242A565B00829871 /* Info.plist */ = {isa = PBXFileReference; lastKnownFileType = text.plist.xml; path = Info.plist; sourceTree = "<group>"; };
		AB3632DC29227652001CCB65 /* Release.xcconfig */ = {isa = PBXFileReference; fileEncoding = 4; lastKnownFileType = text.xcconfig; path = Release.xcconfig; sourceTree = "<group>"; };
		CD87EC2B2E13550000E516A7 /* iosApp.entitlements */ = {isa = PBXFileReference; lastKnownFileType = text.plist.entitlements; path = iosApp.entitlements; sourceTree = "<group>"; };
		CD9827912E13C8E400D17D40 /* Localizable.xcstrings */ = {isa = PBXFileReference; lastKnownFileType = text.json.xcstrings; path = Localizable.xcstrings; sourceTree = "<group>"; };
		CDA832B62B2019C800BB2514 /* Debug.xcconfig */ = {isa = PBXFileReference; lastKnownFileType = text.xcconfig; path = Debug.xcconfig; sourceTree = "<group>"; };
		CDBE05C22E129DDB00CC593E /* TwineWidgetExtension.appex */ = {isa = PBXFileReference; explicitFileType = "wrapper.app-extension"; includeInIndex = 0; path = TwineWidgetExtension.appex; sourceTree = BUILT_PRODUCTS_DIR; };
		CDBE05C32E129DDB00CC593E /* WidgetKit.framework */ = {isa = PBXFileReference; lastKnownFileType = wrapper.framework; name = WidgetKit.framework; path = System/Library/Frameworks/WidgetKit.framework; sourceTree = SDKROOT; };
		CDBE05C52E129DDB00CC593E /* SwiftUI.framework */ = {isa = PBXFileReference; lastKnownFileType = wrapper.framework; name = SwiftUI.framework; path = System/Library/Frameworks/SwiftUI.framework; sourceTree = SDKROOT; };
/* End PBXFileReference section */

/* Begin PBXFileSystemSynchronizedBuildFileExceptionSet section */
		CDBE05D72E129DDC00CC593E /* PBXFileSystemSynchronizedBuildFileExceptionSet */ = {
			isa = PBXFileSystemSynchronizedBuildFileExceptionSet;
			membershipExceptions = (
				Info.plist,
			);
			target = CDBE05C12E129DDB00CC593E /* TwineWidgetExtension */;
		};
/* End PBXFileSystemSynchronizedBuildFileExceptionSet section */

/* Begin PBXFileSystemSynchronizedRootGroup section */
		CDBE05C72E129DDB00CC593E /* TwineWidget */ = {isa = PBXFileSystemSynchronizedRootGroup; exceptions = (CDBE05D72E129DDC00CC593E /* PBXFileSystemSynchronizedBuildFileExceptionSet */, ); explicitFileTypes = {}; explicitFolders = (); path = TwineWidget; sourceTree = "<group>"; };
/* End PBXFileSystemSynchronizedRootGroup section */

/* Begin PBXFrameworksBuildPhase section */
		CDBE05BF2E129DDB00CC593E /* Frameworks */ = {
			isa = PBXFrameworksBuildPhase;
			buildActionMask = 2147483647;
			files = (
				CD87EC172E12AFC900E516A7 /* PurchasesHybridCommon in Frameworks */,
				CD87EC152E12AFC900E516A7 /* BugsnagNetworkRequestPlugin in Frameworks */,
				CD87EC132E12AFC900E516A7 /* Bugsnag in Frameworks */,
				CDBE05C62E129DDB00CC593E /* SwiftUI.framework in Frameworks */,
				CD87EC192E12AFC900E516A7 /* PurchasesHybridCommonUI in Frameworks */,
				CDBE05C42E129DDB00CC593E /* WidgetKit.framework in Frameworks */,
			);
			runOnlyForDeploymentPostprocessing = 0;
		};
		F85CB1118929364A9C6EFABC /* Frameworks */ = {
			isa = PBXFrameworksBuildPhase;
			buildActionMask = 2147483647;
			files = (
				CD6AEE262C51E57700486A95 /* BugsnagNetworkRequestPlugin in Frameworks */,
				CD6DFBF82E0466AF0048A870 /* PurchasesHybridCommon in Frameworks */,
				CD6DFBFA2E0466AF0048A870 /* PurchasesHybridCommonUI in Frameworks */,
				CD6AEE242C51E57700486A95 /* Bugsnag in Frameworks */,
			);
			runOnlyForDeploymentPostprocessing = 0;
		};
/* End PBXFrameworksBuildPhase section */

/* Begin PBXGroup section */
		058557D7273AAEEB004C7B11 /* Preview Content */ = {
			isa = PBXGroup;
			children = (
				058557D8273AAEEB004C7B11 /* Preview Assets.xcassets */,
			);
			path = "Preview Content";
			sourceTree = "<group>";
		};
		42799AB246E5F90AF97AA0EF /* Frameworks */ = {
			isa = PBXGroup;
			children = (
				CDBE05C32E129DDB00CC593E /* WidgetKit.framework */,
				CDBE05C52E129DDB00CC593E /* SwiftUI.framework */,
			);
			name = Frameworks;
			sourceTree = "<group>";
		};
		7555FF72242A565900829871 = {
			isa = PBXGroup;
			children = (
				CD9827912E13C8E400D17D40 /* Localizable.xcstrings */,
				AB1DB47929225F7C00F7AF9C /* Configuration */,
				7555FF7D242A565900829871 /* iosApp */,
				CDBE05C72E129DDB00CC593E /* TwineWidget */,
				7555FF7C242A565900829871 /* Products */,
				42799AB246E5F90AF97AA0EF /* Frameworks */,
				22983CDB2F1756B30087F846 /* AppIconAntiqueGold.icon */,
				22983CDC2F1756B30087F846 /* AppIconCranberry.icon */,
				22983CDD2F1756B30087F846 /* AppIconDarkJade.icon */,
				22983CDE2F1756B30087F846 /* AppIconDeepIce.icon */,
				22983CDF2F1756B30087F846 /* AppIconDeepTeal.icon */,
				22983CE02F1756B30087F846 /* AppIconDustyRose.icon */,
				22983CE12F1756B30087F846 /* AppIconRoyalPlum.icon */,
				22983CE22F1756B30087F846 /* AppIconSlateBlue.icon */,
				22983CE32F1756B30087F846 /* AppIconSoftSage.icon */,
				22983CE42F1756B30087F846 /* AppIconStormySky.icon */,
			);
			sourceTree = "<group>";
		};
		7555FF7C242A565900829871 /* Products */ = {
			isa = PBXGroup;
			children = (
				7555FF7B242A565900829871 /* Twine (Debug).app */,
				CDBE05C22E129DDB00CC593E /* TwineWidgetExtension.appex */,
			);
			name = Products;
			sourceTree = "<group>";
		};
		7555FF7D242A565900829871 /* iosApp */ = {
			isa = PBXGroup;
			children = (
				CD87EC2B2E13550000E516A7 /* iosApp.entitlements */,
				058557BA273AAA24004C7B11 /* Assets.xcassets */,
				7555FF82242A565900829871 /* ContentView.swift */,
				7555FF8C242A565B00829871 /* Info.plist */,
				2152FB032600AC8F00CF470E /* iOSApp.swift */,
				058557D7273AAEEB004C7B11 /* Preview Content */,
				228D98572A1B706200695A83 /* AppDelegate.swift */,
			);
			path = iosApp;
			sourceTree = "<group>";
		};
		AB1DB47929225F7C00F7AF9C /* Configuration */ = {
			isa = PBXGroup;
			children = (
				AB3632DC29227652001CCB65 /* Release.xcconfig */,
				CDA832B62B2019C800BB2514 /* Debug.xcconfig */,
			);
			path = Configuration;
			sourceTree = "<group>";
		};
/* End PBXGroup section */

/* Begin PBXNativeTarget section */
		7555FF7A242A565900829871 /* iosApp */ = {
			isa = PBXNativeTarget;
			buildConfigurationList = 7555FFA5242A565B00829871 /* Build configuration list for PBXNativeTarget "iosApp" */;
			buildPhases = (
				05D91A922A5F233C00F138EB /* Compile Kotlin */,
				7555FF77242A565900829871 /* Sources */,
				CDBE05D42E129DDC00CC593E /* Embed Foundation Extensions */,
				7555FF79242A565900829871 /* Resources */,
				F85CB1118929364A9C6EFABC /* Frameworks */,
				E8479EF0239AA3C1B90F902B /* Upload Bugsnag dSYM */,
			);
			buildRules = (
			);
			dependencies = (
				CDBE05D22E129DDC00CC593E /* PBXTargetDependency */,
			);
			name = iosApp;
			packageProductDependencies = (
				CD6AEE232C51E57700486A95 /* Bugsnag */,
				CD6AEE252C51E57700486A95 /* BugsnagNetworkRequestPlugin */,
				CD6DFBF72E0466AF0048A870 /* PurchasesHybridCommon */,
				CD6DFBF92E0466AF0048A870 /* PurchasesHybridCommonUI */,
			);
			productName = iosApp;
			productReference = 7555FF7B242A565900829871 /* Twine (Debug).app */;
			productType = "com.apple.product-type.application";
		};
		CDBE05C12E129DDB00CC593E /* TwineWidgetExtension */ = {
			isa = PBXNativeTarget;
			buildConfigurationList = CDBE05D82E129DDC00CC593E /* Build configuration list for PBXNativeTarget "TwineWidgetExtension" */;
			buildPhases = (
				CDBE05D92E129E4C00CC593E /* Compile Kotlin */,
				CDBE05BE2E129DDB00CC593E /* Sources */,
				CDBE05BF2E129DDB00CC593E /* Frameworks */,
				CDBE05C02E129DDB00CC593E /* Resources */,
			);
			buildRules = (
			);
			dependencies = (
			);
			fileSystemSynchronizedGroups = (
				CDBE05C72E129DDB00CC593E /* TwineWidget */,
			);
			name = TwineWidgetExtension;
			packageProductDependencies = (
				CD87EC122E12AFC900E516A7 /* Bugsnag */,
				CD87EC142E12AFC900E516A7 /* BugsnagNetworkRequestPlugin */,
				CD87EC162E12AFC900E516A7 /* PurchasesHybridCommon */,
				CD87EC182E12AFC900E516A7 /* PurchasesHybridCommonUI */,
			);
			productName = TwineWidgetExtension;
			productReference = CDBE05C22E129DDB00CC593E /* TwineWidgetExtension.appex */;
			productType = "com.apple.product-type.app-extension";
		};
/* End PBXNativeTarget section */

/* Begin PBXProject section */
		7555FF73242A565900829871 /* Project object */ = {
			isa = PBXProject;
			attributes = {
				LastSwiftUpdateCheck = 1640;
				LastUpgradeCheck = 1130;
				ORGANIZATIONNAME = orgName;
				TargetAttributes = {
					7555FF7A242A565900829871 = {
						CreatedOnToolsVersion = 11.3.1;
					};
					CDBE05C12E129DDB00CC593E = {
						CreatedOnToolsVersion = 16.4;
					};
				};
			};
			buildConfigurationList = 7555FF76242A565900829871 /* Build configuration list for PBXProject "iosApp" */;
			compatibilityVersion = "Xcode 9.3";
			developmentRegion = en;
			hasScannedForEncodings = 0;
			knownRegions = (
				en,
				Base,
			);
			mainGroup = 7555FF72242A565900829871;
			packageReferences = (
				CD6AEE222C51E57700486A95 /* XCRemoteSwiftPackageReference "bugsnag-cocoa" */,
				CD6DFBF62E0466AF0048A870 /* XCRemoteSwiftPackageReference "purchases-hybrid-common" */,
			);
			productRefGroup = 7555FF7C242A565900829871 /* Products */;
			projectDirPath = "";
			projectRoot = "";
			targets = (
				7555FF7A242A565900829871 /* iosApp */,
				CDBE05C12E129DDB00CC593E /* TwineWidgetExtension */,
			);
		};
/* End PBXProject section */

/* Begin PBXResourcesBuildPhase section */
		7555FF79242A565900829871 /* Resources */ = {
			isa = PBXResourcesBuildPhase;
			buildActionMask = 2147483647;
			files = (
				058557D9273AAEEB004C7B11 /* Preview Assets.xcassets in Resources */,
				058557BB273AAA24004C7B11 /* Assets.xcassets in Resources */,
				CD9827932E13C8E400D17D40 /* Localizable.xcstrings in Resources */,
				22983CEF2F1756B30087F846 /* AppIconDeepTeal.icon in Resources */,
				22983CF02F1756B30087F846 /* AppIconDeepIce.icon in Resources */,
				22983CF12F1756B30087F846 /* AppIconStormySky.icon in Resources */,
				22983CF22F1756B30087F846 /* AppIconAntiqueGold.icon in Resources */,
				22983CF32F1756B30087F846 /* AppIconCranberry.icon in Resources */,
				22983CF42F1756B30087F846 /* AppIconDarkJade.icon in Resources */,
				22983CF52F1756B30087F846 /* AppIconDustyRose.icon in Resources */,
				22983CF62F1756B30087F846 /* AppIconRoyalPlum.icon in Resources */,
				22983CF72F1756B30087F846 /* AppIconSlateBlue.icon in Resources */,
				22983CF82F1756B30087F846 /* AppIconSoftSage.icon in Resources */,
			);
			runOnlyForDeploymentPostprocessing = 0;
		};
		CDBE05C02E129DDB00CC593E /* Resources */ = {
			isa = PBXResourcesBuildPhase;
			buildActionMask = 2147483647;
			files = (
				22983CE52F1756B30087F846 /* AppIconDeepTeal.icon in Resources */,
				22983CE62F1756B30087F846 /* AppIconDeepIce.icon in Resources */,
				22983CE72F1756B30087F846 /* AppIconStormySky.icon in Resources */,
				22983CE82F1756B30087F846 /* AppIconAntiqueGold.icon in Resources */,
				22983CE92F1756B30087F846 /* AppIconCranberry.icon in Resources */,
				22983CEA2F1756B30087F846 /* AppIconDarkJade.icon in Resources */,
				22983CEB2F1756B30087F846 /* AppIconDustyRose.icon in Resources */,
				22983CEC2F1756B30087F846 /* AppIconRoyalPlum.icon in Resources */,
				22983CED2F1756B30087F846 /* AppIconSlateBlue.icon in Resources */,
				22983CEE2F1756B30087F846 /* AppIconSoftSage.icon in Resources */,
				CD9827922E13C8E400D17D40 /* Localizable.xcstrings in Resources */,
			);
			runOnlyForDeploymentPostprocessing = 0;
		};
/* End PBXResourcesBuildPhase section */

/* Begin PBXShellScriptBuildPhase section */
		05D91A922A5F233C00F138EB /* Compile Kotlin */ = {
			isa = PBXShellScriptBuildPhase;
			buildActionMask = 2147483647;
			files = (
			);
			inputFileListPaths = (
			);
			inputPaths = (
			);
			name = "Compile Kotlin";
			outputFileListPaths = (
			);
			outputPaths = (
			);
			runOnlyForDeploymentPostprocessing = 0;
			shellPath = /bin/sh;
			shellScript = "cd \"$SRCROOT/..\"\n./gradlew :shared:embedAndSignAppleFrameworkForXcode\n";
		};
		CDBE05D92E129E4C00CC593E /* Compile Kotlin */ = {
			isa = PBXShellScriptBuildPhase;
			buildActionMask = 2147483647;
			files = (
			);
			inputFileListPaths = (
			);
			inputPaths = (
			);
			name = "Compile Kotlin";
			outputFileListPaths = (
			);
			outputPaths = (
			);
			runOnlyForDeploymentPostprocessing = 0;
			shellPath = /bin/sh;
			shellScript = "cd \"$SRCROOT/..\"\n./gradlew :shared:embedAndSignAppleFrameworkForXcode\n";
		};
		E8479EF0239AA3C1B90F902B /* Upload Bugsnag dSYM */ = {
			isa = PBXShellScriptBuildPhase;
			buildActionMask = 2147483647;
			files = (
			);
			inputFileListPaths = (
			);
			inputPaths = (
				"${BUILT_PRODUCTS_DIR}/${INFOPLIST_PATH}",
				"${DWARF_DSYM_FOLDER_PATH}/${DWARF_DSYM_FILE_NAME}/Contents/Resources/DWARF/${TARGET_NAME}",
				"${BUILT_PRODUCTS_DIR}/Bugsnag/Bugsnag.framework.dSYM/Contents/Resources/DWARF/Bugsnag",
			);
			name = "Upload Bugsnag dSYM";
			outputFileListPaths = (
			);
			outputPaths = (
			);
			runOnlyForDeploymentPostprocessing = 0;
			shellPath = "/usr/bin/env ruby";
			shellScript = "# Attempt to get the API key from an environment variable (or Xcode build setting)\napi_key = ENV[\"BUGSNAG_API_KEY\"]\n\n# If not present, attempt to lookup the value from the Info.plist\nunless api_key\n  info_plist_path = \"#{ENV[\"BUILT_PRODUCTS_DIR\"]}/#{ENV[\"INFOPLIST_PATH\"]}\"\n  plist_buddy_response = `/usr/libexec/PlistBuddy -c \"print :bugsnag:apiKey\" \"#{info_plist_path}\"`\n  plist_buddy_response = `/usr/libexec/PlistBuddy -c \"print :BugsnagAPIKey\" \"#{info_plist_path}\"` if !$?.success?\n  api_key = plist_buddy_response if $?.success?\nend\n\nfail(\"No Bugsnag API key detected - add your key to your Info.plist or BUGSNAG_API_KEY environment variable\") unless api_key\n\nif ENV['ENABLE_USER_SCRIPT_SANDBOXING'] == 'YES'\n  count = ENV['SCRIPT_INPUT_FILE_COUNT'].to_i\n  abort 'error: dSYMs must be specified as build phase \"Input Files\" because ENABLE_USER_SCRIPT_SANDBOXING is enabled' unless count > 0\n  dsyms = []\n  for i in 0 .. count - 1\n    file = ENV[\"SCRIPT_INPUT_FILE_#{i}\"]\n    next if file.end_with? '.plist'\n    if File.exist? file\n      dsyms.append file\n    else\n      abort \"error: cannot read #{file}\" unless ENV['DEBUG_INFORMATION_FORMAT'] != 'dwarf-with-dsym'\n    end\n  end\nelse\n  dsyms = Dir[\"#{ENV['DWARF_DSYM_FOLDER_PATH']}/*/Contents/Resources/DWARF/*\"]\nend\n\ndsyms.each do |dsym|\n  Process.detach Process.spawn('/usr/bin/curl', '--http1.1',\n    '-F', \"apiKey=#{api_key}\",\n    '-F', \"dsym=@#{dsym}\",\n    '-F', \"projectRoot=#{ENV['PROJECT_DIR']}\",\n    'https://upload.bugsnag.com/',\n    %i[err out] => :close\n  )\nend\n";
			showEnvVarsInLog = 0;
		};
/* End PBXShellScriptBuildPhase section */

/* Begin PBXSourcesBuildPhase section */
		7555FF77242A565900829871 /* Sources */ = {
			isa = PBXSourcesBuildPhase;
			buildActionMask = 2147483647;
			files = (
				228D98582A1B706200695A83 /* AppDelegate.swift in Sources */,
				2152FB042600AC8F00CF470E /* iOSApp.swift in Sources */,
				7555FF83242A565900829871 /* ContentView.swift in Sources */,
			);
			runOnlyForDeploymentPostprocessing = 0;
		};
		CDBE05BE2E129DDB00CC593E /* Sources */ = {
			isa = PBXSourcesBuildPhase;
			buildActionMask = 2147483647;
			files = (
			);
			runOnlyForDeploymentPostprocessing = 0;
		};
/* End PBXSourcesBuildPhase section */

/* Begin PBXTargetDependency section */
		CDBE05D22E129DDC00CC593E /* PBXTargetDependency */ = {
			isa = PBXTargetDependency;
			target = CDBE05C12E129DDB00CC593E /* TwineWidgetExtension */;
			targetProxy = CDBE05D12E129DDC00CC593E /* PBXContainerItemProxy */;
		};
/* End PBXTargetDependency section */

/* Begin XCBuildConfiguration section */
		7555FFA3242A565B00829871 /* Debug */ = {
			isa = XCBuildConfiguration;
			baseConfigurationReference = CDA832B62B2019C800BB2514 /* Debug.xcconfig */;
			buildSettings = {
				ALWAYS_SEARCH_USER_PATHS = NO;
				CLANG_ANALYZER_NONNULL = YES;
				CLANG_ANALYZER_NUMBER_OBJECT_CONVERSION = YES_AGGRESSIVE;
				CLANG_CXX_LANGUAGE_STANDARD = "gnu++14";
				CLANG_CXX_LIBRARY = "libc++";
				CLANG_ENABLE_MODULES = YES;
				CLANG_ENABLE_OBJC_ARC = YES;
				CLANG_ENABLE_OBJC_WEAK = YES;
				CLANG_WARN_BLOCK_CAPTURE_AUTORELEASING = YES;
				CLANG_WARN_BOOL_CONVERSION = YES;
				CLANG_WARN_COMMA = YES;
				CLANG_WARN_CONSTANT_CONVERSION = YES;
				CLANG_WARN_DEPRECATED_OBJC_IMPLEMENTATIONS = YES;
				CLANG_WARN_DIRECT_OBJC_ISA_USAGE = YES_ERROR;
				CLANG_WARN_DOCUMENTATION_COMMENTS = YES;
				CLANG_WARN_EMPTY_BODY = YES;
				CLANG_WARN_ENUM_CONVERSION = YES;
				CLANG_WARN_INFINITE_RECURSION = YES;
				CLANG_WARN_INT_CONVERSION = YES;
				CLANG_WARN_NON_LITERAL_NULL_CONVERSION = YES;
				CLANG_WARN_OBJC_IMPLICIT_RETAIN_SELF = YES;
				CLANG_WARN_OBJC_LITERAL_CONVERSION = YES;
				CLANG_WARN_OBJC_ROOT_CLASS = YES_ERROR;
				CLANG_WARN_QUOTED_INCLUDE_IN_FRAMEWORK_HEADER = YES;
				CLANG_WARN_RANGE_LOOP_ANALYSIS = YES;
				CLANG_WARN_STRICT_PROTOTYPES = YES;
				CLANG_WARN_SUSPICIOUS_MOVE = YES;
				CLANG_WARN_UNGUARDED_AVAILABILITY = YES_AGGRESSIVE;
				CLANG_WARN_UNREACHABLE_CODE = YES;
				CLANG_WARN__DUPLICATE_METHOD_MATCH = YES;
				COPY_PHASE_STRIP = NO;
				DEBUG_INFORMATION_FORMAT = "dwarf-with-dsym";
				ENABLE_STRICT_OBJC_MSGSEND = YES;
				ENABLE_TESTABILITY = YES;
				GCC_C_LANGUAGE_STANDARD = gnu11;
				GCC_DYNAMIC_NO_PIC = NO;
				GCC_NO_COMMON_BLOCKS = YES;
				GCC_OPTIMIZATION_LEVEL = 0;
				GCC_PREPROCESSOR_DEFINITIONS = (
					"DEBUG=1",
					"$(inherited)",
				);
				GCC_WARN_64_TO_32_BIT_CONVERSION = YES;
				GCC_WARN_ABOUT_RETURN_TYPE = YES_ERROR;
				GCC_WARN_UNDECLARED_SELECTOR = YES;
				GCC_WARN_UNINITIALIZED_AUTOS = YES_AGGRESSIVE;
				GCC_WARN_UNUSED_FUNCTION = YES;
				GCC_WARN_UNUSED_VARIABLE = YES;
				IPHONEOS_DEPLOYMENT_TARGET = 15.0;
				MTL_ENABLE_DEBUG_INFO = INCLUDE_SOURCE;
				MTL_FAST_MATH = YES;
				ONLY_ACTIVE_ARCH = YES;
				SDKROOT = iphoneos;
				SWIFT_ACTIVE_COMPILATION_CONDITIONS = DEBUG;
				SWIFT_EMIT_LOC_STRINGS = YES;
				SWIFT_OPTIMIZATION_LEVEL = "-Onone";
			};
			name = Debug;
		};
		7555FFA4242A565B00829871 /* Release */ = {
			isa = XCBuildConfiguration;
			baseConfigurationReference = AB3632DC29227652001CCB65 /* Release.xcconfig */;
			buildSettings = {
				ALWAYS_SEARCH_USER_PATHS = NO;
				CLANG_ANALYZER_NONNULL = YES;
				CLANG_ANALYZER_NUMBER_OBJECT_CONVERSION = YES_AGGRESSIVE;
				CLANG_CXX_LANGUAGE_STANDARD = "gnu++14";
				CLANG_CXX_LIBRARY = "libc++";
				CLANG_ENABLE_MODULES = YES;
				CLANG_ENABLE_OBJC_ARC = YES;
				CLANG_ENABLE_OBJC_WEAK = YES;
				CLANG_WARN_BLOCK_CAPTURE_AUTORELEASING = YES;
				CLANG_WARN_BOOL_CONVERSION = YES;
				CLANG_WARN_COMMA = YES;
				CLANG_WARN_CONSTANT_CONVERSION = YES;
				CLANG_WARN_DEPRECATED_OBJC_IMPLEMENTATIONS = YES;
				CLANG_WARN_DIRECT_OBJC_ISA_USAGE = YES_ERROR;
				CLANG_WARN_DOCUMENTATION_COMMENTS = YES;
				CLANG_WARN_EMPTY_BODY = YES;
				CLANG_WARN_ENUM_CONVERSION = YES;
				CLANG_WARN_INFINITE_RECURSION = YES;
				CLANG_WARN_INT_CONVERSION = YES;
				CLANG_WARN_NON_LITERAL_NULL_CONVERSION = YES;
				CLANG_WARN_OBJC_IMPLICIT_RETAIN_SELF = YES;
				CLANG_WARN_OBJC_LITERAL_CONVERSION = YES;
				CLANG_WARN_OBJC_ROOT_CLASS = YES_ERROR;
				CLANG_WARN_QUOTED_INCLUDE_IN_FRAMEWORK_HEADER = YES;
				CLANG_WARN_RANGE_LOOP_ANALYSIS = YES;
				CLANG_WARN_STRICT_PROTOTYPES = YES;
				CLANG_WARN_SUSPICIOUS_MOVE = YES;
				CLANG_WARN_UNGUARDED_AVAILABILITY = YES_AGGRESSIVE;
				CLANG_WARN_UNREACHABLE_CODE = YES;
				CLANG_WARN__DUPLICATE_METHOD_MATCH = YES;
				COPY_PHASE_STRIP = NO;
				DEBUG_INFORMATION_FORMAT = "dwarf-with-dsym";
				ENABLE_NS_ASSERTIONS = NO;
				ENABLE_STRICT_OBJC_MSGSEND = YES;
				GCC_C_LANGUAGE_STANDARD = gnu11;
				GCC_NO_COMMON_BLOCKS = YES;
				GCC_WARN_64_TO_32_BIT_CONVERSION = YES;
				GCC_WARN_ABOUT_RETURN_TYPE = YES_ERROR;
				GCC_WARN_UNDECLARED_SELECTOR = YES;
				GCC_WARN_UNINITIALIZED_AUTOS = YES_AGGRESSIVE;
				GCC_WARN_UNUSED_FUNCTION = YES;
				GCC_WARN_UNUSED_VARIABLE = YES;
				IPHONEOS_DEPLOYMENT_TARGET = 15.0;
				MTL_ENABLE_DEBUG_INFO = NO;
				MTL_FAST_MATH = YES;
				SDKROOT = iphoneos;
				SWIFT_COMPILATION_MODE = wholemodule;
				SWIFT_EMIT_LOC_STRINGS = YES;
				SWIFT_OPTIMIZATION_LEVEL = "-O";
				VALIDATE_PRODUCT = YES;
			};
			name = Release;
		};
		7555FFA6242A565B00829871 /* Debug */ = {
			isa = XCBuildConfiguration;
			buildSettings = {
				ASSETCATALOG_COMPILER_APPICON_NAME = AppIconAntiqueGold;
				ASSETCATALOG_COMPILER_INCLUDE_ALL_APPICON_ASSETS = YES;
				CODE_SIGN_ENTITLEMENTS = iosApp/iosApp.entitlements;
				CODE_SIGN_IDENTITY = "Apple Development";
				CODE_SIGN_STYLE = Automatic;
				CURRENT_PROJECT_VERSION = 1;
				DEVELOPMENT_ASSET_PATHS = "\"iosApp/Preview Content\"";
				DEVELOPMENT_TEAM = V9V8885383;
				ENABLE_PREVIEWS = YES;
				FRAMEWORK_SEARCH_PATHS = (
					"$(inherited)",
					"$(SRCROOT)/../shared/build/xcode-frameworks/$(CONFIGURATION)/$(SDK_NAME)",
				);
				INFOPLIST_FILE = iosApp/Info.plist;
				INFOPLIST_KEY_LSApplicationCategoryType = "public.app-category.news";
				IPHONEOS_DEPLOYMENT_TARGET = 17.0;
				LD_RUNPATH_SEARCH_PATHS = (
					"$(inherited)",
					"@executable_path/Frameworks",
				);
				MARKETING_VERSION = 1.0;
				OTHER_LDFLAGS = (
					"$(inherited)",
					"-ObjC",
					"-l\"c++\"",
					"-framework",
					"\"shared\"",
					"-lsqlite3",
					"-ld_classic",
				);
				PRODUCT_BUNDLE_IDENTIFIER = dev.sasikanth.rss.reader.debug;
				PRODUCT_NAME = "${APP_NAME}";
				PROVISIONING_PROFILE_SPECIFIER = "";
				SWIFT_VERSION = 5.0;
				TARGETED_DEVICE_FAMILY = "1,2";
			};
			name = Debug;
		};
		7555FFA7242A565B00829871 /* Release */ = {
			isa = XCBuildConfiguration;
			buildSettings = {
				ASSETCATALOG_COMPILER_APPICON_NAME = AppIconDarkJade;
				ASSETCATALOG_COMPILER_INCLUDE_ALL_APPICON_ASSETS = YES;
				CODE_SIGN_ENTITLEMENTS = iosApp/iosApp.entitlements;
				CODE_SIGN_IDENTITY = "Apple Development";
				CODE_SIGN_STYLE = Manual;
				CURRENT_PROJECT_VERSION = 1;
				DEVELOPMENT_ASSET_PATHS = "\"iosApp/Preview Content\"";
				DEVELOPMENT_TEAM = V9V8885383;
				ENABLE_PREVIEWS = YES;
				FRAMEWORK_SEARCH_PATHS = (
					"$(inherited)",
					"$(SRCROOT)/../shared/build/xcode-frameworks/$(CONFIGURATION)/$(SDK_NAME)",
				);
				INFOPLIST_FILE = iosApp/Info.plist;
				INFOPLIST_KEY_LSApplicationCategoryType = "public.app-category.news";
				IPHONEOS_DEPLOYMENT_TARGET = 17.0;
				LD_RUNPATH_SEARCH_PATHS = (
					"$(inherited)",
					"@executable_path/Frameworks",
				);
				MARKETING_VERSION = 1.0;
				OTHER_LDFLAGS = (
					"$(inherited)",
					"-ObjC",
					"-l\"c++\"",
					"-framework",
					"\"shared\"",
					"-lsqlite3",
					"-ld_classic",
				);
				PRODUCT_BUNDLE_IDENTIFIER = dev.sasikanth.rss.reader;
				PRODUCT_NAME = "${APP_NAME}";
				PROVISIONING_PROFILE_SPECIFIER = "Twine Dev";
				SWIFT_VERSION = 5.0;
				TARGETED_DEVICE_FAMILY = "1,2";
			};
			name = Release;
		};
		CDBE05D52E129DDC00CC593E /* Debug */ = {
			isa = XCBuildConfiguration;
			buildSettings = {
				ASSETCATALOG_COMPILER_GENERATE_SWIFT_ASSET_SYMBOL_EXTENSIONS = YES;
				ASSETCATALOG_COMPILER_GLOBAL_ACCENT_COLOR_NAME = AccentColor;
				ASSETCATALOG_COMPILER_WIDGET_BACKGROUND_COLOR_NAME = WidgetBackground;
				CLANG_CXX_LANGUAGE_STANDARD = "gnu++20";
				CODE_SIGN_ENTITLEMENTS = TwineWidget/TwineWidgetExtension.entitlements;
				CODE_SIGN_IDENTITY = "Apple Development";
				CODE_SIGN_STYLE = Automatic;
				CURRENT_PROJECT_VERSION = 1;
				DEBUG_INFORMATION_FORMAT = dwarf;
				DEVELOPMENT_TEAM = V9V8885383;
				ENABLE_USER_SCRIPT_SANDBOXING = NO;
				GCC_C_LANGUAGE_STANDARD = gnu17;
				GENERATE_INFOPLIST_FILE = YES;
				INFOPLIST_FILE = TwineWidget/Info.plist;
				INFOPLIST_KEY_CFBundleDisplayName = TwineWidget;
				INFOPLIST_KEY_NSHumanReadableCopyright = "Copyright © 2025 orgName. All rights reserved.";
				IPHONEOS_DEPLOYMENT_TARGET = 18.5;
				LD_RUNPATH_SEARCH_PATHS = (
					"$(inherited)",
					"@executable_path/Frameworks",
					"@executable_path/../../Frameworks",
				);
				LOCALIZATION_PREFERS_STRING_CATALOGS = YES;
				MARKETING_VERSION = 1.0;
				OTHER_LDFLAGS = (
					"$(inherited)",
					"-lsqlite3",
					"-ld_classic",
				);
				PRODUCT_BUNDLE_IDENTIFIER = dev.sasikanth.rss.reader.debug.TwineWidget;
				PRODUCT_NAME = "$(TARGET_NAME)";
				PROVISIONING_PROFILE_SPECIFIER = "";
				SKIP_INSTALL = YES;
				SWIFT_ACTIVE_COMPILATION_CONDITIONS = "DEBUG $(inherited)";
				SWIFT_EMIT_LOC_STRINGS = YES;
				SWIFT_VERSION = 5.0;
				TARGETED_DEVICE_FAMILY = "1,2";
			};
			name = Debug;
		};
		CDBE05D62E129DDC00CC593E /* Release */ = {
			isa = XCBuildConfiguration;
			buildSettings = {
				ASSETCATALOG_COMPILER_GENERATE_SWIFT_ASSET_SYMBOL_EXTENSIONS = YES;
				ASSETCATALOG_COMPILER_GLOBAL_ACCENT_COLOR_NAME = AccentColor;
				ASSETCATALOG_COMPILER_WIDGET_BACKGROUND_COLOR_NAME = WidgetBackground;
				CLANG_CXX_LANGUAGE_STANDARD = "gnu++20";
				CODE_SIGN_ENTITLEMENTS = TwineWidget/TwineWidgetExtension.entitlements;
				CODE_SIGN_IDENTITY = "Apple Development";
				CODE_SIGN_STYLE = Manual;
				CURRENT_PROJECT_VERSION = 1;
				DEVELOPMENT_TEAM = V9V8885383;
				ENABLE_USER_SCRIPT_SANDBOXING = NO;
				GCC_C_LANGUAGE_STANDARD = gnu17;
				GENERATE_INFOPLIST_FILE = YES;
				INFOPLIST_FILE = TwineWidget/Info.plist;
				INFOPLIST_KEY_CFBundleDisplayName = TwineWidget;
				INFOPLIST_KEY_NSHumanReadableCopyright = "Copyright © 2025 orgName. All rights reserved.";
				IPHONEOS_DEPLOYMENT_TARGET = 18.5;
				LD_RUNPATH_SEARCH_PATHS = (
					"$(inherited)",
					"@executable_path/Frameworks",
					"@executable_path/../../Frameworks",
				);
				LOCALIZATION_PREFERS_STRING_CATALOGS = YES;
				MARKETING_VERSION = 1.0;
				OTHER_LDFLAGS = (
					"$(inherited)",
					"-lsqlite3",
					"-ld_classic",
				);
				PRODUCT_BUNDLE_IDENTIFIER = dev.sasikanth.rss.reader.TwineWidget;
				PRODUCT_NAME = "$(TARGET_NAME)";
				PROVISIONING_PROFILE_SPECIFIER = "Twine Widget Dev";
				SKIP_INSTALL = YES;
				SWIFT_EMIT_LOC_STRINGS = YES;
				SWIFT_VERSION = 5.0;
				TARGETED_DEVICE_FAMILY = "1,2";
			};
			name = Release;
		};
/* End XCBuildConfiguration section */

/* Begin XCConfigurationList section */
		7555FF76242A565900829871 /* Build configuration list for PBXProject "iosApp" */ = {
			isa = XCConfigurationList;
			buildConfigurations = (
				7555FFA3242A565B00829871 /* Debug */,
				7555FFA4242A565B00829871 /* Release */,
			);
			defaultConfigurationIsVisible = 0;
			defaultConfigurationName = Release;
		};
		7555FFA5242A565B00829871 /* Build configuration list for PBXNativeTarget "iosApp" */ = {
			isa = XCConfigurationList;
			buildConfigurations = (
				7555FFA6242A565B00829871 /* Debug */,
				7555FFA7242A565B00829871 /* Release */,
			);
			defaultConfigurationIsVisible = 0;
			defaultConfigurationName = Release;
		};
		CDBE05D82E129DDC00CC593E /* Build configuration list for PBXNativeTarget "TwineWidgetExtension" */ = {
			isa = XCConfigurationList;
			buildConfigurations = (
				CDBE05D52E129DDC00CC593E /* Debug */,
				CDBE05D62E129DDC00CC593E /* Release */,
			);
			defaultConfigurationIsVisible = 0;
			defaultConfigurationName = Release;
		};
/* End XCConfigurationList section */

/* Begin XCRemoteSwiftPackageReference section */
		CD6AEE222C51E57700486A95 /* XCRemoteSwiftPackageReference "bugsnag-cocoa" */ = {
			isa = XCRemoteSwiftPackageReference;
			repositoryURL = "https://github.com/bugsnag/bugsnag-cocoa";
			requirement = {
				kind = exactVersion;
				version = 6.32.0;
			};
		};
		CD6DFBF62E0466AF0048A870 /* XCRemoteSwiftPackageReference "purchases-hybrid-common" */ = {
			isa = XCRemoteSwiftPackageReference;
			repositoryURL = "https://github.com/RevenueCat/purchases-hybrid-common";
			requirement = {
				kind = exactVersion;
				version = 17.30.0;
			};
		};
/* End XCRemoteSwiftPackageReference section */

/* Begin XCSwiftPackageProductDependency section */
		CD6AEE232C51E57700486A95 /* Bugsnag */ = {
			isa = XCSwiftPackageProductDependency;
			package = CD6AEE222C51E57700486A95 /* XCRemoteSwiftPackageReference "bugsnag-cocoa" */;
			productName = Bugsnag;
		};
		CD6AEE252C51E57700486A95 /* BugsnagNetworkRequestPlugin */ = {
			isa = XCSwiftPackageProductDependency;
			package = CD6AEE222C51E57700486A95 /* XCRemoteSwiftPackageReference "bugsnag-cocoa" */;
			productName = BugsnagNetworkRequestPlugin;
		};
		CD6DFBF72E0466AF0048A870 /* PurchasesHybridCommon */ = {
			isa = XCSwiftPackageProductDependency;
			package = CD6DFBF62E0466AF0048A870 /* XCRemoteSwiftPackageReference "purchases-hybrid-common" */;
			productName = PurchasesHybridCommon;
		};
		CD6DFBF92E0466AF0048A870 /* PurchasesHybridCommonUI */ = {
			isa = XCSwiftPackageProductDependency;
			package = CD6DFBF62E0466AF0048A870 /* XCRemoteSwiftPackageReference "purchases-hybrid-common" */;
			productName = PurchasesHybridCommonUI;
		};
		CD87EC122E12AFC900E516A7 /* Bugsnag */ = {
			isa = XCSwiftPackageProductDependency;
			package = CD6AEE222C51E57700486A95 /* XCRemoteSwiftPackageReference "bugsnag-cocoa" */;
			productName = Bugsnag;
		};
		CD87EC142E12AFC900E516A7 /* BugsnagNetworkRequestPlugin */ = {
			isa = XCSwiftPackageProductDependency;
			package = CD6AEE222C51E57700486A95 /* XCRemoteSwiftPackageReference "bugsnag-cocoa" */;
			productName = BugsnagNetworkRequestPlugin;
		};
		CD87EC162E12AFC900E516A7 /* PurchasesHybridCommon */ = {
			isa = XCSwiftPackageProductDependency;
			package = CD6DFBF62E0466AF0048A870 /* XCRemoteSwiftPackageReference "purchases-hybrid-common" */;
			productName = PurchasesHybridCommon;
		};
		CD87EC182E12AFC900E516A7 /* PurchasesHybridCommonUI */ = {
			isa = XCSwiftPackageProductDependency;
			package = CD6DFBF62E0466AF0048A870 /* XCRemoteSwiftPackageReference "purchases-hybrid-common" */;
			productName = PurchasesHybridCommonUI;
		};
/* End XCSwiftPackageProductDependency section */
	};
	rootObject = 7555FF73242A565900829871 /* Project object */;
}
